{
  "lockfileVersion": 3,
  "name": "flama",
  "packages": {
    "": {
      "dependencies": {
        "@tabler/icons-react": "^3.30.0"
      }
    },
    "node_modules/@tabler/icons": {
      "funding": {
        "type": "github",
        "url": "https://github.com/sponsors/codecalm"
      },
      "integrity": "sha512-c8OKLM48l00u9TFbh2qhSODMONIzML8ajtCyq95rW8vzkWcBrKRPM61tdkThz2j4kd5u17srPGIjqdeRUZdfdw==",
      "license": "MIT",
      "resolved": "https://registry.npmjs.org/@tabler/icons/-/icons-3.30.0.tgz",
      "version": "3.30.0"
    },
    "node_modules/@tabler/icons-react": {
      "dependencies": {
        "@tabler/icons": "3.30.0"
      },
      "funding": {
        "type": "github",
        "url": "https://github.com/sponsors/codecalm"
      },
      "integrity": "sha512-9KZ9D1UNAyjlLkkYp2HBPHdf6lAJ2aelDqh8YYAnnmLF3xwprWKxxW8+zw5jlI0IwdfN4XFFuzqePkaw+DpIOg==",
      "license": "MIT",
      "peerDependencies": {
        "react": ">= 16"
      },
      "resolved": "https://registry.npmjs.org/@tabler/icons-react/-/icons-react-3.30.0.tgz",
      "version": "3.30.0"
    },
    "node_modules/react": {
      "engines": {
        "node": ">=0.10.0"
      },
      "integrity": "sha512-V8AVnmPIICiWpGfm6GLzCR/W5FXLchHop40W4nXBmdlEceh16rCN8O8LNWm5bh5XUX91fh7KpA+W0TgMKmgTpQ==",
      "license": "MIT",
      "peer": true,
      "resolved": "https://registry.npmjs.org/react/-/react-19.0.0.tgz",
      "version": "19.0.0"
    }
  },
  "requires": true
}
